// !$*UTF8*$!
{
	archiveVersion = 1;
	classes = {
	};
	objectVersion = 46;
	objects = {

/* Begin PBXBuildFile section */
		2666B51A1A2A2E3000902F4D /* main.cpp in Sources */ = {isa = PBXBuildFile; fileRef = 2666B5191A2A2E3000902F4D /* main.cpp */; };
/* End PBXBuildFile section */

/* Begin PBXCopyFilesBuildPhase section */
		2666B5141A2A2E2E00902F4D /* CopyFiles */ = {
			isa = PBXCopyFilesBuildPhase;
			buildActionMask = 2147483647;
			dstPath = /usr/share/man/man1/;
			dstSubfolderSpec = 0;
			files = (
			);
			runOnlyForDeploymentPostprocessing = 1;
		};
/* End PBXCopyFilesBuildPhase section */

/* Begin PBXFileReference section */
		2666B5161A2A2E2E00902F4D /* svg_waveforms */ = {isa = PBXFileReference; explicitFileType = "compiled.mach-o.executable"; includeInIndex = 0; path = svg_waveforms; sourceTree = BUILT_PRODUCTS_DIR; };
		2666B5191A2A2E3000902F4D /* main.cpp */ = {isa = PBXFileReference; lastKnownFileType = sourcecode.cpp.cpp; path = main.cpp; sourceTree = "<group>"; };
/* End PBXFileReference section */

/* Begin PBXFrameworksBuildPhase section */
		2666B5131A2A2E2E00902F4D /* Frameworks */ = {
			isa = PBXFrameworksBuildPhase;
			buildActionMask = 2147483647;
			files = (
			);
			runOnlyForDeploymentPostprocessing = 0;
		};
/* End PBXFrameworksBuildPhase section */

/* Begin PBXGroup section */
		2666B50D1A2A2E2D00902F4D = {
			isa = PBXGroup;
			children = (
				2666B5181A2A2E2E00902F4D /* svg_waveforms */,
				2666B5171A2A2E2E00902F4D /* Products */,
			);
			sourceTree = "<group>";
		};
		2666B5171A2A2E2E00902F4D /* Products */ = {
			isa = PBXGroup;
			children = (
				2666B5161A2A2E2E00902F4D /* svg_waveforms */,
			);
			name = Products;
			sourceTree = "<group>";
		};
		2666B5181A2A2E2E00902F4D /* svg_waveforms */ = {
			isa = PBXGroup;
			children = (
				2666B5191A2A2E3000902F4D /* main.cpp */,
			);
			path = svg_waveforms;
			sourceTree = "<group>";
		};
/* End PBXGroup section */

/* Begin PBXNativeTarget section */
		2666B5151A2A2E2E00902F4D /* svg_waveforms */ = {
			isa = PBXNativeTarget;
			buildConfigurationList = 2666B51D1A2A2E3000902F4D /* Build configuration list for PBXNativeTarget "svg_waveforms" */;
			buildPhases = (
				2666B5121A2A2E2E00902F4D /* Sources */,
				2666B5131A2A2E2E00902F4D /* Frameworks */,
				2666B5141A2A2E2E00902F4D /* CopyFiles */,
			);
			buildRules = (
			);
			dependencies = (
			);
			name = svg_waveforms;
			productName = svg_waveforms;
			productReference = 2666B5161A2A2E2E00902F4D /* svg_waveforms */;
			productType = "com.apple.product-type.tool";
		};
/* End PBXNativeTarget section */

/* Begin PBXProject section */
		2666B50E1A2A2E2D00902F4D /* Project object */ = {
			isa = PBXProject;
			attributes = {
				LastUpgradeCheck = 0610;
				ORGANIZATIONNAME = "Piaras Hoban";
				TargetAttributes = {
					2666B5151A2A2E2E00902F4D = {
						CreatedOnToolsVersion = 6.1;
					};
				};
			};
			buildConfigurationList = 2666B5111A2A2E2D00902F4D /* Build configuration list for PBXProject "svg_waveforms" */;
			compatibilityVersion = "Xcode 3.2";
			developmentRegion = English;
			hasScannedForEncodings = 0;
			knownRegions = (
				en,
			);
			mainGroup = 2666B50D1A2A2E2D00902F4D;
			productRefGroup = 2666B5171A2A2E2E00902F4D /* Products */;
			projectDirPath = "";
			projectRoot = "";
			targets = (
				2666B5151A2A2E2E00902F4D /* svg_waveforms */,
			);
		};
/* End PBXProject section */

/* Begin PBXSourcesBuildPhase section */
		2666B5121A2A2E2E00902F4D /* Sources */ = {
			isa = PBXSourcesBuildPhase;
			buildActionMask = 2147483647;
			files = (
				2666B51A1A2A2E3000902F4D /* main.cpp in Sources */,
			);
			runOnlyForDeploymentPostprocessing = 0;
		};
/* End PBXSourcesBuildPhase section */

/* Begin XCBuildConfiguration section */
		2666B51B1A2A2E3000902F4D /* Debug */ = {
			isa = XCBuildConfiguration;
			buildSettings = {
				ALWAYS_SEARCH_USER_PATHS = NO;
				CLANG_CXX_LANGUAGE_STANDARD = "gnu++0x";
				CLANG_CXX_LIBRARY = "libc++";
				CLANG_ENABLE_MODULES = YES;
				CLANG_ENABLE_OBJC_ARC = YES;
				CLANG_WARN_BOOL_CONVERSION = YES;
				CLANG_WARN_CONSTANT_CONVERSION = YES;
				CLANG_WARN_DIRECT_OBJC_ISA_USAGE = YES_ERROR;
				CLANG_WARN_EMPTY_BODY = YES;
				CLANG_WARN_ENUM_CONVERSION = YES;
				CLANG_WARN_INT_CONVERSION = YES;
				CLANG_WARN_OBJC_ROOT_CLASS = YES_ERROR;
				CLANG_WARN_UNREACHABLE_CODE = YES;
				CLANG_WARN__DUPLICATE_METHOD_MATCH = YES;
				COPY_PHASE_STRIP = NO;
				ENABLE_STRICT_OBJC_MSGSEND = YES;
				GCC_C_LANGUAGE_STANDARD = gnu99;
				GCC_DYNAMIC_NO_PIC = NO;
				GCC_OPTIMIZATION_LEVEL = 0;
				GCC_PREPROCESSOR_DEFINITIONS = (
					"DEBUG=1",
					"$(inherited)",
				);
				GCC_SYMBOLS_PRIVATE_EXTERN = NO;
				GCC_WARN_64_TO_32_BIT_CONVERSION = YES;
				GCC_WARN_ABOUT_RETURN_TYPE = YES_ERROR;
				GCC_WARN_UNDECLARED_SELECTOR = YES;
				GCC_WARN_UNINITIALIZED_AUTOS = YES_AGGRESSIVE;
				GCC_WARN_UNUSED_FUNCTION = YES;
				GCC_WARN_UNUSED_VARIABLE = YES;
				MACOSX_DEPLOYMENT_TARGET = 10.10;
				MTL_ENABLE_DEBUG_INFO = YES;
				ONLY_ACTIVE_ARCH = YES;
				SDKROOT = macosx;
			};
			name = Debug;
		};
		2666B51C1A2A2E3000902F4D /* Release */ = {
			isa = XCBuildConfiguration;
			buildSettings = {
				ALWAYS_SEARCH_USER_PATHS = NO;
				CLANG_CXX_LANGUAGE_STANDARD = "gnu++0x";
				CLANG_CXX_LIBRARY = "libc++";
				CLANG_ENABLE_MODULES = YES;
				CLANG_ENABLE_OBJC_ARC = YES;
				CLANG_WARN_BOOL_CONVERSION = YES;
				CLANG_WARN_CONSTANT_CONVERSION = YES;
				CLANG_WARN_DIRECT_OBJC_ISA_USAGE = YES_ERROR;
				CLANG_WARN_EMPTY_BODY = YES;
				CLANG_WARN_ENUM_CONVERSION = YES;
				CLANG_WARN_INT_CONVERSION = YES;
				CLANG_WARN_OBJC_ROOT_CLASS = YES_ERROR;
				CLANG_WARN_UNREACHABLE_CODE = YES;
				CLANG_WARN__DUPLICATE_METHOD_MATCH = YES;
				COPY_PHASE_STRIP = YES;
				DEBUG_INFORMATION_FORMAT = "dwarf-with-dsym";
				ENABLE_NS_ASSERTIONS = NO;
				ENABLE_STRICT_OBJC_MSGSEND = YES;
				GCC_C_LANGUAGE_STANDARD = gnu99;
				GCC_WARN_64_TO_32_BIT_CONVERSION = YES;
				GCC_WARN_ABOUT_RETURN_TYPE = YES_ERROR;
				GCC_WARN_UNDECLARED_SELECTOR = YES;
				GCC_WARN_UNINITIALIZED_AUTOS = YES_AGGRESSIVE;
				GCC_WARN_UNUSED_FUNCTION = YES;
				GCC_WARN_UNUSED_VARIABLE = YES;
				MACOSX_DEPLOYMENT_TARGET = 10.10;
				MTL_ENABLE_DEBUG_INFO = NO;
				SDKROOT = macosx;
			};
			name = Release;
		};
		2666B51E1A2A2E3000902F4D /* Debug */ = {
			isa = XCBuildConfiguration;
			buildSettings = {
				HEADER_SEARCH_PATHS = (
					"$(inherited)",
					/Applications/Xcode.app/Contents/Developer/Toolchains/XcodeDefault.xctoolchain/usr/include,
					/opt/local/include,
					/usr/local/include,
				);
				LIBRARY_SEARCH_PATHS = (
					/usr/local/lib,
					/opt/local/lib,
				);
				OTHER_LDFLAGS = (
					"-lessentia",
					"-lyaml",
					"-lavcodec",
					"-lavformat",
					"-lavutil",
					"-lsamplerate",
					"-ltag",
					"-lswresample",
					"-lfftw3f",
					"-larmadillo",
					"-lmlpack",
					"-lopencv_core",
					"-lopencv_imgproc",
				);
				PRODUCT_NAME = "$(TARGET_NAME)";
			};
			name = Debug;
		};
		2666B51F1A2A2E3000902F4D /* Release */ = {
			isa = XCBuildConfiguration;
			buildSettings = {
				HEADER_SEARCH_PATHS = (
					"$(inherited)",
					/Applications/Xcode.app/Contents/Developer/Toolchains/XcodeDefault.xctoolchain/usr/include,
					/opt/local/include,
					/usr/local/include,
				);
				LIBRARY_SEARCH_PATHS = (
					/usr/local/lib,
					/opt/local/lib,
				);
				OTHER_LDFLAGS = (
					"-lessentia",
					"-lyaml",
					"-lavcodec",
					"-lavformat",
					"-lavutil",
					"-lsamplerate",
					"-ltag",
					"-lswresample",
					"-lfftw3f",
					"-larmadillo",
					"-lmlpack",
					"-lopencv_core",
					"-lopencv_imgproc",
				);
				PRODUCT_NAME = "$(TARGET_NAME)";
			};
			name = Release;
		};
/* End XCBuildConfiguration section */

/* Begin XCConfigurationList section */
		2666B5111A2A2E2D00902F4D /* Build configuration list for PBXProject "svg_waveforms" */ = {
			isa = XCConfigurationList;
			buildConfigurations = (
				2666B51B1A2A2E3000902F4D /* Debug */,
				2666B51C1A2A2E3000902F4D /* Release */,
			);
			defaultConfigurationIsVisible = 0;
			defaultConfigurationName = Release;
		};
		2666B51D1A2A2E3000902F4D /* Build configuration list for PBXNativeTarget "svg_waveforms" */ = {
			isa = XCConfigurationList;
			buildConfigurations = (
				2666B51E1A2A2E3000902F4D /* Debug */,
				2666B51F1A2A2E3000902F4D /* Release */,
			);
			defaultConfigurationIsVisible = 0;
		};
/* End XCConfigurationList section */
	};
	rootObject = 2666B50E1A2A2E2D00902F4D /* Project object */;
}
